
Microsoft Visual Studio Solution File, Format Version 12.00
# Visual Studio 15
VisualStudioVersion = 15.0.27130.2010
MinimumVisualStudioVersion = 10.0.40219.1
Project("{2150E333-8FDC-42A3-9474-1A3956D46DE8}") = "Fanout", "Fanout", "{72E31523-8D95-4468-906C-7EF538F28C4C}"
EndProject
Project("{2150E333-8FDC-42A3-9474-1A3956D46DE8}") = "Direct", "Direct", "{65D88401-548F-4A19-92FE-350B60811100}"
EndProject
Project("{2150E333-8FDC-42A3-9474-1A3956D46DE8}") = "Topic", "Topic", "{1C17E377-A9CE-4870-BF72-BD702C7F47EB}"
EndProject
Project("{FAE04EC0-301F-11D3-BF4B-00C04F79EFBC}") = "ConsoleApp.Send", "ConsoleApp.Send\ConsoleApp.Send.csproj", "{2B274E5E-769C-4B59-9DB7-989DCE5B313A}"
EndProject
Project("{FAE04EC0-301F-11D3-BF4B-00C04F79EFBC}") = "ConsoleApp.Recv", "ConsoleApp.Recv\ConsoleApp.Recv.csproj", "{2282B4C1-0E1C-46F1-BC87-916671016153}"
EndProject
Project("{FAE04EC0-301F-11D3-BF4B-00C04F79EFBC}") = "RabbitMQ.Base", "RabbitMQ.Base\RabbitMQ.Base.csproj", "{16712E39-0050-4C5D-A7A5-4E3DC02F5593}"
EndProject
Project("{FAE04EC0-301F-11D3-BF4B-00C04F79EFBC}") = "ConsoleApp.Recv2", "ConsoleApp.Recv2\ConsoleApp.Recv2.csproj", "{D270D116-2337-4F39-8B81-E9F617EFCBC8}"
EndProject
Project("{FAE04EC0-301F-11D3-BF4B-00C04F79EFBC}") = "ConsoleApp.Direct.Send", "ConsoleApp.Direct.Send\ConsoleApp.Direct.Send.csproj", "{28DEA7BA-4DB5-4C78-B90E-F2DBD6EB39CB}"
EndProject
Project("{FAE04EC0-301F-11D3-BF4B-00C04F79EFBC}") = "ConsoleApp.Direct.Recv", "ConsoleApp.Direct.Recv\ConsoleApp.Direct.Recv.csproj", "{0A122A74-A2FD-4C73-A400-66A97FAC39A9}"
EndProject
Project("{FAE04EC0-301F-11D3-BF4B-00C04F79EFBC}") = "ConsoleApp.Direct.Recv2", "ConsoleApp.Direct.Recv2\ConsoleApp.Direct.Recv2.csproj", "{4508F46A-762E-4E69-AEBC-D5E873FA8761}"
EndProject
Project("{FAE04EC0-301F-11D3-BF4B-00C04F79EFBC}") = "ConsoleApp.Fanout.Send", "ConsoleApp.Fanout.Send\ConsoleApp.Fanout.Send.csproj", "{3AA524AC-2E09-4B3E-9CC8-E9B2E9A0FD0B}"
EndProject
Project("{FAE04EC0-301F-11D3-BF4B-00C04F79EFBC}") = "ConsoleApp.Fanout.Recv", "ConsoleApp.Fanout.Recv\ConsoleApp.Fanout.Recv.csproj", "{D6768C75-2D11-4517-B5A0-EB940976284A}"
EndProject
Project("{FAE04EC0-301F-11D3-BF4B-00C04F79EFBC}") = "ConsoleApp.Fanout.Recv2", "ConsoleApp.Fanout.Recv2\ConsoleApp.Fanout.Recv2.csproj", "{DBBA9662-EDBC-4DCC-BC3D-AEE6E47144A4}"
EndProject
Global
	GlobalSection(SolutionConfigurationPlatforms) = preSolution
		Debug|Any CPU = Debug|Any CPU
		Release|Any CPU = Release|Any CPU
	EndGlobalSection
	GlobalSection(ProjectConfigurationPlatforms) = postSolution
		{2B274E5E-769C-4B59-9DB7-989DCE5B313A}.Debug|Any CPU.ActiveCfg = Debug|Any CPU
		{2B274E5E-769C-4B59-9DB7-989DCE5B313A}.Debug|Any CPU.Build.0 = Debug|Any CPU
		{2B274E5E-769C-4B59-9DB7-989DCE5B313A}.Release|Any CPU.ActiveCfg = Release|Any CPU
		{2B274E5E-769C-4B59-9DB7-989DCE5B313A}.Release|Any CPU.Build.0 = Release|Any CPU
		{2282B4C1-0E1C-46F1-BC87-916671016153}.Debug|Any CPU.ActiveCfg = Debug|Any CPU
		{2282B4C1-0E1C-46F1-BC87-916671016153}.Debug|Any CPU.Build.0 = Debug|Any CPU
		{2282B4C1-0E1C-46F1-BC87-916671016153}.Release|Any CPU.ActiveCfg = Release|Any CPU
		{2282B4C1-0E1C-46F1-BC87-916671016153}.Release|Any CPU.Build.0 = Release|Any CPU
		{16712E39-0050-4C5D-A7A5-4E3DC02F5593}.Debug|Any CPU.ActiveCfg = Debug|Any CPU
		{16712E39-0050-4C5D-A7A5-4E3DC02F5593}.Debug|Any CPU.Build.0 = Debug|Any CPU
		{16712E39-0050-4C5D-A7A5-4E3DC02F5593}.Release|Any CPU.ActiveCfg = Release|Any CPU
		{16712E39-0050-4C5D-A7A5-4E3DC02F5593}.Release|Any CPU.Build.0 = Release|Any CPU
		{D270D116-2337-4F39-8B81-E9F617EFCBC8}.Debug|Any CPU.ActiveCfg = Debug|Any CPU
		{D270D116-2337-4F39-8B81-E9F617EFCBC8}.Debug|Any CPU.Build.0 = Debug|Any CPU
		{D270D116-2337-4F39-8B81-E9F617EFCBC8}.Release|Any CPU.ActiveCfg = Release|Any CPU
		{D270D116-2337-4F39-8B81-E9F617EFCBC8}.Release|Any CPU.Build.0 = Release|Any CPU
		{28DEA7BA-4DB5-4C78-B90E-F2DBD6EB39CB}.Debug|Any CPU.ActiveCfg = Debug|Any CPU
		{28DEA7BA-4DB5-4C78-B90E-F2DBD6EB39CB}.Debug|Any CPU.Build.0 = Debug|Any CPU
		{28DEA7BA-4DB5-4C78-B90E-F2DBD6EB39CB}.Release|Any CPU.ActiveCfg = Release|Any CPU
		{28DEA7BA-4DB5-4C78-B90E-F2DBD6EB39CB}.Release|Any CPU.Build.0 = Release|Any CPU
		{0A122A74-A2FD-4C73-A400-66A97FAC39A9}.Debug|Any CPU.ActiveCfg = Debug|Any CPU
		{0A122A74-A2FD-4C73-A400-66A97FAC39A9}.Debug|Any CPU.Build.0 = Debug|Any CPU
		{0A122A74-A2FD-4C73-A400-66A97FAC39A9}.Release|Any CPU.ActiveCfg = Release|Any CPU
		{0A122A74-A2FD-4C73-A400-66A97FAC39A9}.Release|Any CPU.Build.0 = Release|Any CPU
		{4508F46A-762E-4E69-AEBC-D5E873FA8761}.Debug|Any CPU.ActiveCfg = Debug|Any CPU
		{4508F46A-762E-4E69-AEBC-D5E873FA8761}.Debug|Any CPU.Build.0 = Debug|Any CPU
		{4508F46A-762E-4E69-AEBC-D5E873FA8761}.Release|Any CPU.ActiveCfg = Release|Any CPU
		{4508F46A-762E-4E69-AEBC-D5E873FA8761}.Release|Any CPU.Build.0 = Release|Any CPU
		{3AA524AC-2E09-4B3E-9CC8-E9B2E9A0FD0B}.Debug|Any CPU.ActiveCfg = Debug|Any CPU
		{3AA524AC-2E09-4B3E-9CC8-E9B2E9A0FD0B}.Debug|Any CPU.Build.0 = Debug|Any CPU
		{3AA524AC-2E09-4B3E-9CC8-E9B2E9A0FD0B}.Release|Any CPU.ActiveCfg = Release|Any CPU
		{3AA524AC-2E09-4B3E-9CC8-E9B2E9A0FD0B}.Release|Any CPU.Build.0 = Release|Any CPU
		{D6768C75-2D11-4517-B5A0-EB940976284A}.Debug|Any CPU.ActiveCfg = Debug|Any CPU
		{D6768C75-2D11-4517-B5A0-EB940976284A}.Debug|Any CPU.Build.0 = Debug|Any CPU
		{D6768C75-2D11-4517-B5A0-EB940976284A}.Release|Any CPU.ActiveCfg = Release|Any CPU
		{D6768C75-2D11-4517-B5A0-EB940976284A}.Release|Any CPU.Build.0 = Release|Any CPU
		{DBBA9662-EDBC-4DCC-BC3D-AEE6E47144A4}.Debug|Any CPU.ActiveCfg = Debug|Any CPU
		{DBBA9662-EDBC-4DCC-BC3D-AEE6E47144A4}.Debug|Any CPU.Build.0 = Debug|Any CPU
		{DBBA9662-EDBC-4DCC-BC3D-AEE6E47144A4}.Release|Any CPU.ActiveCfg = Release|Any CPU
		{DBBA9662-EDBC-4DCC-BC3D-AEE6E47144A4}.Release|Any CPU.Build.0 = Release|Any CPU
	EndGlobalSection
	GlobalSection(SolutionProperties) = preSolution
		HideSolutionNode = FALSE
	EndGlobalSection
	GlobalSection(NestedProjects) = preSolution
		{2B274E5E-769C-4B59-9DB7-989DCE5B313A} = {1C17E377-A9CE-4870-BF72-BD702C7F47EB}
		{2282B4C1-0E1C-46F1-BC87-916671016153} = {1C17E377-A9CE-4870-BF72-BD702C7F47EB}
		{D270D116-2337-4F39-8B81-E9F617EFCBC8} = {1C17E377-A9CE-4870-BF72-BD702C7F47EB}
		{28DEA7BA-4DB5-4C78-B90E-F2DBD6EB39CB} = {65D88401-548F-4A19-92FE-350B60811100}
		{0A122A74-A2FD-4C73-A400-66A97FAC39A9} = {65D88401-548F-4A19-92FE-350B60811100}
		{4508F46A-762E-4E69-AEBC-D5E873FA8761} = {65D88401-548F-4A19-92FE-350B60811100}
		{3AA524AC-2E09-4B3E-9CC8-E9B2E9A0FD0B} = {72E31523-8D95-4468-906C-7EF538F28C4C}
		{D6768C75-2D11-4517-B5A0-EB940976284A} = {72E31523-8D95-4468-906C-7EF538F28C4C}
		{DBBA9662-EDBC-4DCC-BC3D-AEE6E47144A4} = {72E31523-8D95-4468-906C-7EF538F28C4C}
	EndGlobalSection
	GlobalSection(ExtensibilityGlobals) = postSolution
		SolutionGuid = {C98CD3AA-B399-436D-B4FC-EE8D655CD6FA}
	EndGlobalSection
EndGlobal
